// !$*UTF8*$!
{
	archiveVersion = 1;
	classes = {
	};
	objectVersion = 50;
	objects = {

/* Begin PBXBuildFile section */
		2C32E3D025A5ED1600460994 /* AppDelegate.swift in Sources */ = {isa = PBXBuildFile; fileRef = 2C32E3CF25A5ED1600460994 /* AppDelegate.swift */; };
		2C32E3D225A5ED1600460994 /* SceneDelegate.swift in Sources */ = {isa = PBXBuildFile; fileRef = 2C32E3D125A5ED1600460994 /* SceneDelegate.swift */; };
		2C32E3D425A5ED1600460994 /* ViewController.swift in Sources */ = {isa = PBXBuildFile; fileRef = 2C32E3D325A5ED1600460994 /* ViewController.swift */; };
		2C32E3D725A5ED1600460994 /* Main.storyboard in Resources */ = {isa = PBXBuildFile; fileRef = 2C32E3D525A5ED1600460994 /* Main.storyboard */; };
		2C32E3D925A5ED1800460994 /* Assets.xcassets in Resources */ = {isa = PBXBuildFile; fileRef = 2C32E3D825A5ED1800460994 /* Assets.xcassets */; };
		2C32E3DC25A5ED1800460994 /* LaunchScreen.storyboard in Resources */ = {isa = PBXBuildFile; fileRef = 2C32E3DA25A5ED1800460994 /* LaunchScreen.storyboard */; };
		2C32E3E725A5ED1800460994 /* Github_Actions_ExampleTests.swift in Sources */ = {isa = PBXBuildFile; fileRef = 2C32E3E625A5ED1800460994 /* Github_Actions_ExampleTests.swift */; };
		2C32E3F225A5ED1800460994 /* Github_Actions_ExampleUITests.swift in Sources */ = {isa = PBXBuildFile; fileRef = 2C32E3F125A5ED1800460994 /* Github_Actions_ExampleUITests.swift */; };
/* End PBXBuildFile section */

/* Begin PBXContainerItemProxy section */
		2C32E3E325A5ED1800460994 /* PBXContainerItemProxy */ = {
			isa = PBXContainerItemProxy;
			containerPortal = 2C32E3C425A5ED1600460994 /* Project object */;
			proxyType = 1;
			remoteGlobalIDString = 2C32E3CB25A5ED1600460994;
			remoteInfo = "Github Actions Example";
		};
		2C32E3EE25A5ED1800460994 /* PBXContainerItemProxy */ = {
			isa = PBXContainerItemProxy;
			containerPortal = 2C32E3C425A5ED1600460994 /* Project object */;
			proxyType = 1;
			remoteGlobalIDString = 2C32E3CB25A5ED1600460994;
			remoteInfo = "Github Actions Example";
		};
/* End PBXContainerItemProxy section */

/* Begin PBXFileReference section */
		2C32E3CC25A5ED1600460994 /* Github Actions Example.app */ = {isa = PBXFileReference; explicitFileType = wrapper.application; includeInIndex = 0; path = "Github Actions Example.app"; sourceTree = BUILT_PRODUCTS_DIR; };
		2C32E3CF25A5ED1600460994 /* AppDelegate.swift */ = {isa = PBXFileReference; lastKnownFileType = sourcecode.swift; path = AppDelegate.swift; sourceTree = "<group>"; };
		2C32E3D125A5ED1600460994 /* SceneDelegate.swift */ = {isa = PBXFileReference; lastKnownFileType = sourcecode.swift; path = SceneDelegate.swift; sourceTree = "<group>"; };
		2C32E3D325A5ED1600460994 /* ViewController.swift */ = {isa = PBXFileReference; lastKnownFileType = sourcecode.swift; path = ViewController.swift; sourceTree = "<group>"; };
		2C32E3D625A5ED1600460994 /* Base */ = {isa = PBXFileReference; lastKnownFileType = file.storyboard; name = Base; path = Base.lproj/Main.storyboard; sourceTree = "<group>"; };
		2C32E3D825A5ED1800460994 /* Assets.xcassets */ = {isa = PBXFileReference; lastKnownFileType = folder.assetcatalog; path = Assets.xcassets; sourceTree = "<group>"; };
		2C32E3DB25A5ED1800460994 /* Base */ = {isa = PBXFileReference; lastKnownFileType = file.storyboard; name = Base; path = Base.lproj/LaunchScreen.storyboard; sourceTree = "<group>"; };
		2C32E3DD25A5ED1800460994 /* Info.plist */ = {isa = PBXFileReference; lastKnownFileType = text.plist.xml; path = Info.plist; sourceTree = "<group>"; };
		2C32E3E225A5ED1800460994 /* Github Actions ExampleTests.xctest */ = {isa = PBXFileReference; explicitFileType = wrapper.cfbundle; includeInIndex = 0; path = "Github Actions ExampleTests.xctest"; sourceTree = BUILT_PRODUCTS_DIR; };
		2C32E3E625A5ED1800460994 /* Github_Actions_ExampleTests.swift */ = {isa = PBXFileReference; lastKnownFileType = sourcecode.swift; path = Github_Actions_ExampleTests.swift; sourceTree = "<group>"; };
		2C32E3E825A5ED1800460994 /* Info.plist */ = {isa = PBXFileReference; lastKnownFileType = text.plist.xml; path = Info.plist; sourceTree = "<group>"; };
		2C32E3ED25A5ED1800460994 /* Github Actions ExampleUITests.xctest */ = {isa = PBXFileReference; explicitFileType = wrapper.cfbundle; includeInIndex = 0; path = "Github Actions ExampleUITests.xctest"; sourceTree = BUILT_PRODUCTS_DIR; };
		2C32E3F125A5ED1800460994 /* Github_Actions_ExampleUITests.swift */ = {isa = PBXFileReference; lastKnownFileType = sourcecode.swift; path = Github_Actions_ExampleUITests.swift; sourceTree = "<group>"; };
		2C32E3F325A5ED1800460994 /* Info.plist */ = {isa = PBXFileReference; lastKnownFileType = text.plist.xml; path = Info.plist; sourceTree = "<group>"; };
/* End PBXFileReference section */

/* Begin PBXFrameworksBuildPhase section */
		2C32E3C925A5ED1600460994 /* Frameworks */ = {
			isa = PBXFrameworksBuildPhase;
			buildActionMask = 2147483647;
			files = (
			);
			runOnlyForDeploymentPostprocessing = 0;
		};
		2C32E3DF25A5ED1800460994 /* Frameworks */ = {
			isa = PBXFrameworksBuildPhase;
			buildActionMask = 2147483647;
			files = (
			);
			runOnlyForDeploymentPostprocessing = 0;
		};
		2C32E3EA25A5ED1800460994 /* Frameworks */ = {
			isa = PBXFrameworksBuildPhase;
			buildActionMask = 2147483647;
			files = (
			);
			runOnlyForDeploymentPostprocessing = 0;
		};
/* End PBXFrameworksBuildPhase section */

/* Begin PBXGroup section */
		2C32E3C325A5ED1600460994 = {
			isa = PBXGroup;
			children = (
				2C32E3CE25A5ED1600460994 /* Github Actions Example */,
				2C32E3E525A5ED1800460994 /* Github Actions ExampleTests */,
				2C32E3F025A5ED1800460994 /* Github Actions ExampleUITests */,
				2C32E3CD25A5ED1600460994 /* Products */,
			);
			sourceTree = "<group>";
		};
		2C32E3CD25A5ED1600460994 /* Products */ = {
			isa = PBXGroup;
			children = (
				2C32E3CC25A5ED1600460994 /* Github Actions Example.app */,
				2C32E3E225A5ED1800460994 /* Github Actions ExampleTests.xctest */,
				2C32E3ED25A5ED1800460994 /* Github Actions ExampleUITests.xctest */,
			);
			name = Products;
			sourceTree = "<group>";
		};
		2C32E3CE25A5ED1600460994 /* Github Actions Example */ = {
			isa = PBXGroup;
			children = (
				2C32E3CF25A5ED1600460994 /* AppDelegate.swift */,
				2C32E3D125A5ED1600460994 /* SceneDelegate.swift */,
				2C32E3D325A5ED1600460994 /* ViewController.swift */,
				2C32E3D525A5ED1600460994 /* Main.storyboard */,
				2C32E3D825A5ED1800460994 /* Assets.xcassets */,
				2C32E3DA25A5ED1800460994 /* LaunchScreen.storyboard */,
				2C32E3DD25A5ED1800460994 /* Info.plist */,
			);
			path = "Github Actions Example";
			sourceTree = "<group>";
		};
		2C32E3E525A5ED1800460994 /* Github Actions ExampleTests */ = {
			isa = PBXGroup;
			children = (
				2C32E3E625A5ED1800460994 /* Github_Actions_ExampleTests.swift */,
				2C32E3E825A5ED1800460994 /* Info.plist */,
			);
			path = "Github Actions ExampleTests";
			sourceTree = "<group>";
		};
		2C32E3F025A5ED1800460994 /* Github Actions ExampleUITests */ = {
			isa = PBXGroup;
			children = (
				2C32E3F125A5ED1800460994 /* Github_Actions_ExampleUITests.swift */,
				2C32E3F325A5ED1800460994 /* Info.plist */,
			);
			path = "Github Actions ExampleUITests";
			sourceTree = "<group>";
		};
/* End PBXGroup section */

/* Begin PBXNativeTarget section */
		2C32E3CB25A5ED1600460994 /* Github Actions Example */ = {
			isa = PBXNativeTarget;
			buildConfigurationList = 2C32E3F625A5ED1800460994 /* Build configuration list for PBXNativeTarget "Github Actions Example" */;
			buildPhases = (
				2C32E3C825A5ED1600460994 /* Sources */,
				2C32E3C925A5ED1600460994 /* Frameworks */,
				2C32E3CA25A5ED1600460994 /* Resources */,
			);
			buildRules = (
			);
			dependencies = (
			);
			name = "Github Actions Example";
			productName = "Github Actions Example";
			productReference = 2C32E3CC25A5ED1600460994 /* Github Actions Example.app */;
			productType = "com.apple.product-type.application";
		};
		2C32E3E125A5ED1800460994 /* Github Actions ExampleTests */ = {
			isa = PBXNativeTarget;
			buildConfigurationList = 2C32E3F925A5ED1800460994 /* Build configuration list for PBXNativeTarget "Github Actions ExampleTests" */;
			buildPhases = (
				2C32E3DE25A5ED1800460994 /* Sources */,
				2C32E3DF25A5ED1800460994 /* Frameworks */,
				2C32E3E025A5ED1800460994 /* Resources */,
			);
			buildRules = (
			);
			dependencies = (
				2C32E3E425A5ED1800460994 /* PBXTargetDependency */,
			);
			name = "Github Actions ExampleTests";
			productName = "Github Actions ExampleTests";
			productReference = 2C32E3E225A5ED1800460994 /* Github Actions ExampleTests.xctest */;
			productType = "com.apple.product-type.bundle.unit-test";
		};
		2C32E3EC25A5ED1800460994 /* Github Actions ExampleUITests */ = {
			isa = PBXNativeTarget;
			buildConfigurationList = 2C32E3FC25A5ED1800460994 /* Build configuration list for PBXNativeTarget "Github Actions ExampleUITests" */;
			buildPhases = (
				2C32E3E925A5ED1800460994 /* Sources */,
				2C32E3EA25A5ED1800460994 /* Frameworks */,
				2C32E3EB25A5ED1800460994 /* Resources */,
			);
			buildRules = (
			);
			dependencies = (
				2C32E3EF25A5ED1800460994 /* PBXTargetDependency */,
			);
			name = "Github Actions ExampleUITests";
			productName = "Github Actions ExampleUITests";
			productReference = 2C32E3ED25A5ED1800460994 /* Github Actions ExampleUITests.xctest */;
			productType = "com.apple.product-type.bundle.ui-testing";
		};
/* End PBXNativeTarget section */

/* Begin PBXProject section */
		2C32E3C425A5ED1600460994 /* Project object */ = {
			isa = PBXProject;
			attributes = {
				LastSwiftUpdateCheck = 1230;
				LastUpgradeCheck = 1230;
				TargetAttributes = {
					2C32E3CB25A5ED1600460994 = {
						CreatedOnToolsVersion = 12.3;
					};
					2C32E3E125A5ED1800460994 = {
						CreatedOnToolsVersion = 12.3;
						TestTargetID = 2C32E3CB25A5ED1600460994;
					};
					2C32E3EC25A5ED1800460994 = {
						CreatedOnToolsVersion = 12.3;
						TestTargetID = 2C32E3CB25A5ED1600460994;
					};
				};
			};
			buildConfigurationList = 2C32E3C725A5ED1600460994 /* Build configuration list for PBXProject "Github Actions Example" */;
			compatibilityVersion = "Xcode 9.3";
			developmentRegion = en;
			hasScannedForEncodings = 0;
			knownRegions = (
				en,
				Base,
			);
			mainGroup = 2C32E3C325A5ED1600460994;
			productRefGroup = 2C32E3CD25A5ED1600460994 /* Products */;
			projectDirPath = "";
			projectRoot = "";
			targets = (
				2C32E3CB25A5ED1600460994 /* Github Actions Example */,
				2C32E3E125A5ED1800460994 /* Github Actions ExampleTests */,
				2C32E3EC25A5ED1800460994 /* Github Actions ExampleUITests */,
			);
		};
/* End PBXProject section */

/* Begin PBXResourcesBuildPhase section */
		2C32E3CA25A5ED1600460994 /* Resources */ = {
			isa = PBXResourcesBuildPhase;
			buildActionMask = 2147483647;
			files = (
				2C32E3DC25A5ED1800460994 /* LaunchScreen.storyboard in Resources */,
				2C32E3D925A5ED1800460994 /* Assets.xcassets in Resources */,
				2C32E3D725A5ED1600460994 /* Main.storyboard in Resources */,
			);
			runOnlyForDeploymentPostprocessing = 0;
		};
		2C32E3E025A5ED1800460994 /* Resources */ = {
			isa = PBXResourcesBuildPhase;
			buildActionMask = 2147483647;
			files = (
			);
			runOnlyForDeploymentPostprocessing = 0;
		};
		2C32E3EB25A5ED1800460994 /* Resources */ = {
			isa = PBXResourcesBuildPhase;
			buildActionMask = 2147483647;
			files = (
			);
			runOnlyForDeploymentPostprocessing = 0;
		};
/* End PBXResourcesBuildPhase section */

/* Begin PBXSourcesBuildPhase section */
		2C32E3C825A5ED1600460994 /* Sources */ = {
			isa = PBXSourcesBuildPhase;
			buildActionMask = 2147483647;
			files = (
				2C32E3D425A5ED1600460994 /* ViewController.swift in Sources */,
				2C32E3D025A5ED1600460994 /* AppDelegate.swift in Sources */,
				2C32E3D225A5ED1600460994 /* SceneDelegate.swift in Sources */,
			);
			runOnlyForDeploymentPostprocessing = 0;
		};
		2C32E3DE25A5ED1800460994 /* Sources */ = {
			isa = PBXSourcesBuildPhase;
			buildActionMask = 2147483647;
			files = (
				2C32E3E725A5ED1800460994 /* Github_Actions_ExampleTests.swift in Sources */,
			);
			runOnlyForDeploymentPostprocessing = 0;
		};
		2C32E3E925A5ED1800460994 /* Sources */ = {
			isa = PBXSourcesBuildPhase;
			buildActionMask = 2147483647;
			files = (
				2C32E3F225A5ED1800460994 /* Github_Actions_ExampleUITests.swift in Sources */,
			);
			runOnlyForDeploymentPostprocessing = 0;
		};
/* End PBXSourcesBuildPhase section */

/* Begin PBXTargetDependency section */
		2C32E3E425A5ED1800460994 /* PBXTargetDependency */ = {
			isa = PBXTargetDependency;
			target = 2C32E3CB25A5ED1600460994 /* Github Actions Example */;
			targetProxy = 2C32E3E325A5ED1800460994 /* PBXContainerItemProxy */;
		};
		2C32E3EF25A5ED1800460994 /* PBXTargetDependency */ = {
			isa = PBXTargetDependency;
			target = 2C32E3CB25A5ED1600460994 /* Github Actions Example */;
			targetProxy = 2C32E3EE25A5ED1800460994 /* PBXContainerItemProxy */;
		};
/* End PBXTargetDependency section */

/* Begin PBXVariantGroup section */
		2C32E3D525A5ED1600460994 /* Main.storyboard */ = {
			isa = PBXVariantGroup;
			children = (
				2C32E3D625A5ED1600460994 /* Base */,
			);
			name = Main.storyboard;
			sourceTree = "<group>";
		};
		2C32E3DA25A5ED1800460994 /* LaunchScreen.storyboard */ = {
			isa = PBXVariantGroup;
			children = (
				2C32E3DB25A5ED1800460994 /* Base */,
			);
			name = LaunchScreen.storyboard;
			sourceTree = "<group>";
		};
/* End PBXVariantGroup section */

/* Begin XCBuildConfiguration section */
		2C32E3F425A5ED1800460994 /* Debug */ = {
			isa = XCBuildConfiguration;
			buildSettings = {
				ALWAYS_SEARCH_USER_PATHS = NO;
				CLANG_ANALYZER_NONNULL = YES;
				CLANG_ANALYZER_NUMBER_OBJECT_CONVERSION = YES_AGGRESSIVE;
				CLANG_CXX_LANGUAGE_STANDARD = "gnu++14";
				CLANG_CXX_LIBRARY = "libc++";
				CLANG_ENABLE_MODULES = YES;
				CLANG_ENABLE_OBJC_ARC = YES;
				CLANG_ENABLE_OBJC_WEAK = YES;
				CLANG_WARN_BLOCK_CAPTURE_AUTORELEASING = YES;
				CLANG_WARN_BOOL_CONVERSION = YES;
				CLANG_WARN_COMMA = YES;
				CLANG_WARN_CONSTANT_CONVERSION = YES;
				CLANG_WARN_DEPRECATED_OBJC_IMPLEMENTATIONS = YES;
				CLANG_WARN_DIRECT_OBJC_ISA_USAGE = YES_ERROR;
				CLANG_WARN_DOCUMENTATION_COMMENTS = YES;
				CLANG_WARN_EMPTY_BODY = YES;
				CLANG_WARN_ENUM_CONVERSION = YES;
				CLANG_WARN_INFINITE_RECURSION = YES;
				CLANG_WARN_INT_CONVERSION = YES;
				CLANG_WARN_NON_LITERAL_NULL_CONVERSION = YES;
				CLANG_WARN_OBJC_IMPLICIT_RETAIN_SELF = YES;
				CLANG_WARN_OBJC_LITERAL_CONVERSION = YES;
				CLANG_WARN_OBJC_ROOT_CLASS = YES_ERROR;
				CLANG_WARN_QUOTED_INCLUDE_IN_FRAMEWORK_HEADER = YES;
				CLANG_WARN_RANGE_LOOP_ANALYSIS = YES;
				CLANG_WARN_STRICT_PROTOTYPES = YES;
				CLANG_WARN_SUSPICIOUS_MOVE = YES;
				CLANG_WARN_UNGUARDED_AVAILABILITY = YES_AGGRESSIVE;
				CLANG_WARN_UNREACHABLE_CODE = YES;
				CLANG_WARN__DUPLICATE_METHOD_MATCH = YES;
				COPY_PHASE_STRIP = NO;
				DEBUG_INFORMATION_FORMAT = dwarf;
				ENABLE_STRICT_OBJC_MSGSEND = YES;
				ENABLE_TESTABILITY = YES;
				GCC_C_LANGUAGE_STANDARD = gnu11;
				GCC_DYNAMIC_NO_PIC = NO;
				GCC_NO_COMMON_BLOCKS = YES;
				GCC_OPTIMIZATION_LEVEL = 0;
				GCC_PREPROCESSOR_DEFINITIONS = (
					"DEBUG=1",
					"$(inherited)",
				);
				GCC_WARN_64_TO_32_BIT_CONVERSION = YES;
				GCC_WARN_ABOUT_RETURN_TYPE = YES_ERROR;
				GCC_WARN_UNDECLARED_SELECTOR = YES;
				GCC_WARN_UNINITIALIZED_AUTOS = YES_AGGRESSIVE;
				GCC_WARN_UNUSED_FUNCTION = YES;
				GCC_WARN_UNUSED_VARIABLE = YES;
				IPHONEOS_DEPLOYMENT_TARGET = 14.3;
				MTL_ENABLE_DEBUG_INFO = INCLUDE_SOURCE;
				MTL_FAST_MATH = YES;
				ONLY_ACTIVE_ARCH = YES;
				SDKROOT = iphoneos;
				SWIFT_ACTIVE_COMPILATION_CONDITIONS = DEBUG;
				SWIFT_OPTIMIZATION_LEVEL = "-Onone";
			};
			name = Debug;
		};
		2C32E3F525A5ED1800460994 /* Release */ = {
			isa = XCBuildConfiguration;
			buildSettings = {
				ALWAYS_SEARCH_USER_PATHS = NO;
				CLANG_ANALYZER_NONNULL = YES;
				CLANG_ANALYZER_NUMBER_OBJECT_CONVERSION = YES_AGGRESSIVE;
				CLANG_CXX_LANGUAGE_STANDARD = "gnu++14";
				CLANG_CXX_LIBRARY = "libc++";
				CLANG_ENABLE_MODULES = YES;
				CLANG_ENABLE_OBJC_ARC = YES;
				CLANG_ENABLE_OBJC_WEAK = YES;
				CLANG_WARN_BLOCK_CAPTURE_AUTORELEASING = YES;
				CLANG_WARN_BOOL_CONVERSION = YES;
				CLANG_WARN_COMMA = YES;
				CLANG_WARN_CONSTANT_CONVERSION = YES;
				CLANG_WARN_DEPRECATED_OBJC_IMPLEMENTATIONS = YES;
				CLANG_WARN_DIRECT_OBJC_ISA_USAGE = YES_ERROR;
				CLANG_WARN_DOCUMENTATION_COMMENTS = YES;
				CLANG_WARN_EMPTY_BODY = YES;
				CLANG_WARN_ENUM_CONVERSION = YES;
				CLANG_WARN_INFINITE_RECURSION = YES;
				CLANG_WARN_INT_CONVERSION = YES;
				CLANG_WARN_NON_LITERAL_NULL_CONVERSION = YES;
				CLANG_WARN_OBJC_IMPLICIT_RETAIN_SELF = YES;
				CLANG_WARN_OBJC_LITERAL_CONVERSION = YES;
				CLANG_WARN_OBJC_ROOT_CLASS = YES_ERROR;
				CLANG_WARN_QUOTED_INCLUDE_IN_FRAMEWORK_HEADER = YES;
				CLANG_WARN_RANGE_LOOP_ANALYSIS = YES;
				CLANG_WARN_STRICT_PROTOTYPES = YES;
				CLANG_WARN_SUSPICIOUS_MOVE = YES;
				CLANG_WARN_UNGUARDED_AVAILABILITY = YES_AGGRESSIVE;
				CLANG_WARN_UNREACHABLE_CODE = YES;
				CLANG_WARN__DUPLICATE_METHOD_MATCH = YES;
				COPY_PHASE_STRIP = NO;
				DEBUG_INFORMATION_FORMAT = "dwarf-with-dsym";
				ENABLE_NS_ASSERTIONS = NO;
				ENABLE_STRICT_OBJC_MSGSEND = YES;
				GCC_C_LANGUAGE_STANDARD = gnu11;
				GCC_NO_COMMON_BLOCKS = YES;
				GCC_WARN_64_TO_32_BIT_CONVERSION = YES;
				GCC_WARN_ABOUT_RETURN_TYPE = YES_ERROR;
				GCC_WARN_UNDECLARED_SELECTOR = YES;
				GCC_WARN_UNINITIALIZED_AUTOS = YES_AGGRESSIVE;
				GCC_WARN_UNUSED_FUNCTION = YES;
				GCC_WARN_UNUSED_VARIABLE = YES;
				IPHONEOS_DEPLOYMENT_TARGET = 14.3;
				MTL_ENABLE_DEBUG_INFO = NO;
				MTL_FAST_MATH = YES;
				SDKROOT = iphoneos;
				SWIFT_COMPILATION_MODE = wholemodule;
				SWIFT_OPTIMIZATION_LEVEL = "-O";
				VALIDATE_PRODUCT = YES;
			};
			name = Release;
		};
		2C32E3F725A5ED1800460994 /* Debug */ = {
			isa = XCBuildConfiguration;
			buildSettings = {
				ASSETCATALOG_COMPILER_APPICON_NAME = AppIcon;
				ASSETCATALOG_COMPILER_GLOBAL_ACCENT_COLOR_NAME = AccentColor;
				CODE_SIGN_STYLE = Automatic;
				DEVELOPMENT_TEAM = Y9T8NT8YLD;
				INFOPLIST_FILE = "Github Actions Example/Info.plist";
				LD_RUNPATH_SEARCH_PATHS = (
					"$(inherited)",
					"@executable_path/Frameworks",
				);
				PRODUCT_BUNDLE_IDENTIFIER = "es.algoritmo.Github-Actions-Example";
				PRODUCT_NAME = "$(TARGET_NAME)";
				SWIFT_VERSION = 5.0;
				TARGETED_DEVICE_FAMILY = "1,2";
			};
			name = Debug;
		};
		2C32E3F825A5ED1800460994 /* Release */ = {
			isa = XCBuildConfiguration;
			buildSettings = {
				ASSETCATALOG_COMPILER_APPICON_NAME = AppIcon;
				ASSETCATALOG_COMPILER_GLOBAL_ACCENT_COLOR_NAME = AccentColor;
				CODE_SIGN_STYLE = Automatic;
				DEVELOPMENT_TEAM = Y9T8NT8YLD;
				INFOPLIST_FILE = "Github Actions Example/Info.plist";
				LD_RUNPATH_SEARCH_PATHS = (
					"$(inherited)",
					"@executable_path/Frameworks",
				);
				PRODUCT_BUNDLE_IDENTIFIER = "es.algoritmo.Github-Actions-Example";
				PRODUCT_NAME = "$(TARGET_NAME)";
				SWIFT_VERSION = 5.0;
				TARGETED_DEVICE_FAMILY = "1,2";
			};
			name = Release;
		};
		2C32E3FA25A5ED1800460994 /* Debug */ = {
			isa = XCBuildConfiguration;
			buildSettings = {
				ALWAYS_EMBED_SWIFT_STANDARD_LIBRARIES = YES;
				BUNDLE_LOADER = "$(TEST_HOST)";
				CODE_SIGN_STYLE = Automatic;
				DEVELOPMENT_TEAM = Y9T8NT8YLD;
				INFOPLIST_FILE = "Github Actions ExampleTests/Info.plist";
				IPHONEOS_DEPLOYMENT_TARGET = 14.3;
				LD_RUNPATH_SEARCH_PATHS = (
					"$(inherited)",
					"@executable_path/Frameworks",
					"@loader_path/Frameworks",
				);
				PRODUCT_BUNDLE_IDENTIFIER = "es.algoritmo.Github-Actions-ExampleTests";
				PRODUCT_NAME = "$(TARGET_NAME)";
				SWIFT_VERSION = 5.0;
				TARGETED_DEVICE_FAMILY = "1,2";
				TEST_HOST = "$(BUILT_PRODUCTS_DIR)/Github Actions Example.app/Github Actions Example";
			};
			name = Debug;
		};
		2C32E3FB25A5ED1800460994 /* Release */ = {
			isa = XCBuildConfiguration;
			buildSettings = {
				ALWAYS_EMBED_SWIFT_STANDARD_LIBRARIES = YES;
				BUNDLE_LOADER = "$(TEST_HOST)";
				CODE_SIGN_STYLE = Automatic;
				DEVELOPMENT_TEAM = Y9T8NT8YLD;
				INFOPLIST_FILE = "Github Actions ExampleTests/Info.plist";
				IPHONEOS_DEPLOYMENT_TARGET = 14.3;
				LD_RUNPATH_SEARCH_PATHS = (
					"$(inherited)",
					"@executable_path/Frameworks",
					"@loader_path/Frameworks",
				);
				PRODUCT_BUNDLE_IDENTIFIER = "es.algoritmo.Github-Actions-ExampleTests";
				PRODUCT_NAME = "$(TARGET_NAME)";
				SWIFT_VERSION = 5.0;
				TARGETED_DEVICE_FAMILY = "1,2";
				TEST_HOST = "$(BUILT_PRODUCTS_DIR)/Github Actions Example.app/Github Actions Example";
			};
			name = Release;
		};
		2C32E3FD25A5ED1800460994 /* Debug */ = {
			isa = XCBuildConfiguration;
			buildSettings = {
				ALWAYS_EMBED_SWIFT_STANDARD_LIBRARIES = YES;
				CODE_SIGN_STYLE = Automatic;
				DEVELOPMENT_TEAM = Y9T8NT8YLD;
				INFOPLIST_FILE = "Github Actions ExampleUITests/Info.plist";
				LD_RUNPATH_SEARCH_PATHS = (
					"$(inherited)",
					"@executable_path/Frameworks",
					"@loader_path/Frameworks",
				);
				PRODUCT_BUNDLE_IDENTIFIER = "es.algoritmo.Github-Actions-ExampleUITests";
				PRODUCT_NAME = "$(TARGET_NAME)";
				SWIFT_VERSION = 5.0;
				TARGETED_DEVICE_FAMILY = "1,2";
				TEST_TARGET_NAME = "Github Actions Example";
			};
			name = Debug;
		};
		2C32E3FE25A5ED1800460994 /* Release */ = {
			isa = XCBuildConfiguration;
			buildSettings = {
				ALWAYS_EMBED_SWIFT_STANDARD_LIBRARIES = YES;
				CODE_SIGN_STYLE = Automatic;
				DEVELOPMENT_TEAM = Y9T8NT8YLD;
				INFOPLIST_FILE = "Github Actions ExampleUITests/Info.plist";
				LD_RUNPATH_SEARCH_PATHS = (
					"$(inherited)",
					"@executable_path/Frameworks",
					"@loader_path/Frameworks",
				);
				PRODUCT_BUNDLE_IDENTIFIER = "es.algoritmo.Github-Actions-ExampleUITests";
				PRODUCT_NAME = "$(TARGET_NAME)";
				SWIFT_VERSION = 5.0;
				TARGETED_DEVICE_FAMILY = "1,2";
				TEST_TARGET_NAME = "Github Actions Example";
			};
			name = Release;
		};
/* End XCBuildConfiguration section */

/* Begin XCConfigurationList section */
		2C32E3C725A5ED1600460994 /* Build configuration list for PBXProject "Github Actions Example" */ = {
			isa = XCConfigurationList;
			buildConfigurations = (
				2C32E3F425A5ED1800460994 /* Debug */,
				2C32E3F525A5ED1800460994 /* Release */,
			);
			defaultConfigurationIsVisible = 0;
			defaultConfigurationName = Release;
		};
		2C32E3F625A5ED1800460994 /* Build configuration list for PBXNativeTarget "Github Actions Example" */ = {
			isa = XCConfigurationList;
			buildConfigurations = (
				2C32E3F725A5ED1800460994 /* Debug */,
				2C32E3F825A5ED1800460994 /* Release */,
			);
			defaultConfigurationIsVisible = 0;
			defaultConfigurationName = Release;
		};
		2C32E3F925A5ED1800460994 /* Build configuration list for PBXNativeTarget "Github Actions ExampleTests" */ = {
			isa = XCConfigurationList;
			buildConfigurations = (
				2C32E3FA25A5ED1800460994 /* Debug */,
				2C32E3FB25A5ED1800460994 /* Release */,
			);
			defaultConfigurationIsVisible = 0;
			defaultConfigurationName = Release;
		};
		2C32E3FC25A5ED1800460994 /* Build configuration list for PBXNativeTarget "Github Actions ExampleUITests" */ = {
			isa = XCConfigurationList;
			buildConfigurations = (
				2C32E3FD25A5ED1800460994 /* Debug */,
				2C32E3FE25A5ED1800460994 /* Release */,
			);
			defaultConfigurationIsVisible = 0;
			defaultConfigurationName = Release;
		};
/* End XCConfigurationList section */
	};
	rootObject = 2C32E3C425A5ED1600460994 /* Project object */;
}
